
Microsoft Visual Studio Solution File, Format Version 12.00
# Visual Studio Version 16
VisualStudioVersion = 16.0.30114.105
MinimumVisualStudioVersion = 10.0.40219.1
Project("{FAE04EC0-301F-11D3-BF4B-00C04F79EFBC}") = "SecretSanta", "SecretSanta\SecretSanta.csproj", "{5453E82F-7CD0-4EA2-B36B-D0DDDD3A07A8}"
EndProject
Project("{2150E333-8FDC-42A3-9474-1A3956D46DE8}") = "Solution Items", "Solution Items", "{742C57A8-8588-489F-8E50-1F429E49E2F3}"
	ProjectSection(SolutionItems) = preProject
		TestingNames.txt = TestingNames.txt
	EndProjectSection
EndProject
Global
	GlobalSection(SolutionConfigurationPlatforms) = preSolution
		Debug|Any CPU = Debug|Any CPU
		Release|Any CPU = Release|Any CPU
	EndGlobalSection
	GlobalSection(ProjectConfigurationPlatforms) = postSolution
		{5453E82F-7CD0-4EA2-B36B-D0DDDD3A07A8}.Debug|Any CPU.ActiveCfg = Debug|Any CPU
		{5453E82F-7CD0-4EA2-B36B-D0DDDD3A07A8}.Debug|Any CPU.Build.0 = Debug|Any CPU
		{5453E82F-7CD0-4EA2-B36B-D0DDDD3A07A8}.Release|Any CPU.ActiveCfg = Release|Any CPU
		{5453E82F-7CD0-4EA2-B36B-D0DDDD3A07A8}.Release|Any CPU.Build.0 = Release|Any CPU
	EndGlobalSection
	GlobalSection(SolutionProperties) = preSolution
		HideSolutionNode = FALSE
	EndGlobalSection
	GlobalSection(ExtensibilityGlobals) = postSolution
		SolutionGuid = {53B5ED92-56B7-44A3-8F2C-159E6B287165}
	EndGlobalSection
EndGlobal
